
Microsoft Visual Studio Solution File, Format Version 12.00
# Visual Studio Version 17
VisualStudioVersion = 17.3.32929.385
MinimumVisualStudioVersion = 10.0.40219.1
Project("{FAE04EC0-301F-11D3-BF4B-00C04F79EFBC}") = "XamarinEssentialsDemo.Android", "XamarinEssentialsDemo\XamarinEssentialsDemo.Android\XamarinEssentialsDemo.Android.csproj", "{C2B4A441-7E83-41C7-99E9-E0EC012BD58A}"
EndProject
Project("{FAE04EC0-301F-11D3-BF4B-00C04F79EFBC}") = "XamarinEssentialsDemo.iOS", "XamarinEssentialsDemo\XamarinEssentialsDemo.iOS\XamarinEssentialsDemo.iOS.csproj", "{27867452-95A9-4C05-B1E7-6D9545FA9F9B}"
EndProject
Project("{FAE04EC0-301F-11D3-BF4B-00C04F79EFBC}") = "XamarinEssentialsDemo", "XamarinEssentialsDemo\XamarinEssentialsDemo\XamarinEssentialsDemo.csproj", "{C3CC15D0-D556-4ECE-B8A2-57217BBD446C}"
EndProject
Global
	GlobalSection(SolutionConfigurationPlatforms) = preSolution
		Debug|Any CPU = Debug|Any CPU
		Debug|iPhone = Debug|iPhone
		Debug|iPhoneSimulator = Debug|iPhoneSimulator
		Release|Any CPU = Release|Any CPU
		Release|iPhone = Release|iPhone
		Release|iPhoneSimulator = Release|iPhoneSimulator
	EndGlobalSection
	GlobalSection(ProjectConfigurationPlatforms) = postSolution
		{C2B4A441-7E83-41C7-99E9-E0EC012BD58A}.Debug|Any CPU.ActiveCfg = Debug|Any CPU
		{C2B4A441-7E83-41C7-99E9-E0EC012BD58A}.Debug|Any CPU.Build.0 = Debug|Any CPU
		{C2B4A441-7E83-41C7-99E9-E0EC012BD58A}.Debug|Any CPU.Deploy.0 = Debug|Any CPU
		{C2B4A441-7E83-41C7-99E9-E0EC012BD58A}.Debug|iPhone.ActiveCfg = Debug|Any CPU
		{C2B4A441-7E83-41C7-99E9-E0EC012BD58A}.Debug|iPhone.Build.0 = Debug|Any CPU
		{C2B4A441-7E83-41C7-99E9-E0EC012BD58A}.Debug|iPhone.Deploy.0 = Debug|Any CPU
		{C2B4A441-7E83-41C7-99E9-E0EC012BD58A}.Debug|iPhoneSimulator.ActiveCfg = Debug|Any CPU
		{C2B4A441-7E83-41C7-99E9-E0EC012BD58A}.Debug|iPhoneSimulator.Build.0 = Debug|Any CPU
		{C2B4A441-7E83-41C7-99E9-E0EC012BD58A}.Debug|iPhoneSimulator.Deploy.0 = Debug|Any CPU
		{C2B4A441-7E83-41C7-99E9-E0EC012BD58A}.Release|Any CPU.ActiveCfg = Release|Any CPU
		{C2B4A441-7E83-41C7-99E9-E0EC012BD58A}.Release|Any CPU.Build.0 = Release|Any CPU
		{C2B4A441-7E83-41C7-99E9-E0EC012BD58A}.Release|Any CPU.Deploy.0 = Release|Any CPU
		{C2B4A441-7E83-41C7-99E9-E0EC012BD58A}.Release|iPhone.ActiveCfg = Release|Any CPU
		{C2B4A441-7E83-41C7-99E9-E0EC012BD58A}.Release|iPhone.Build.0 = Release|Any CPU
		{C2B4A441-7E83-41C7-99E9-E0EC012BD58A}.Release|iPhone.Deploy.0 = Release|Any CPU
		{C2B4A441-7E83-41C7-99E9-E0EC012BD58A}.Release|iPhoneSimulator.ActiveCfg = Release|Any CPU
		{C2B4A441-7E83-41C7-99E9-E0EC012BD58A}.Release|iPhoneSimulator.Build.0 = Release|Any CPU
		{C2B4A441-7E83-41C7-99E9-E0EC012BD58A}.Release|iPhoneSimulator.Deploy.0 = Release|Any CPU
		{27867452-95A9-4C05-B1E7-6D9545FA9F9B}.Debug|Any CPU.ActiveCfg = Debug|iPhone
		{27867452-95A9-4C05-B1E7-6D9545FA9F9B}.Debug|Any CPU.Build.0 = Debug|iPhone
		{27867452-95A9-4C05-B1E7-6D9545FA9F9B}.Debug|Any CPU.Deploy.0 = Debug|iPhone
		{27867452-95A9-4C05-B1E7-6D9545FA9F9B}.Debug|iPhone.ActiveCfg = Debug|iPhone
		{27867452-95A9-4C05-B1E7-6D9545FA9F9B}.Debug|iPhone.Build.0 = Debug|iPhone
		{27867452-95A9-4C05-B1E7-6D9545FA9F9B}.Debug|iPhone.Deploy.0 = Debug|iPhone
		{27867452-95A9-4C05-B1E7-6D9545FA9F9B}.Debug|iPhoneSimulator.ActiveCfg = Debug|iPhoneSimulator
		{27867452-95A9-4C05-B1E7-6D9545FA9F9B}.Debug|iPhoneSimulator.Build.0 = Debug|iPhoneSimulator
		{27867452-95A9-4C05-B1E7-6D9545FA9F9B}.Debug|iPhoneSimulator.Deploy.0 = Debug|iPhoneSimulator
		{27867452-95A9-4C05-B1E7-6D9545FA9F9B}.Release|Any CPU.ActiveCfg = Release|iPhoneSimulator
		{27867452-95A9-4C05-B1E7-6D9545FA9F9B}.Release|Any CPU.Build.0 = Release|iPhoneSimulator
		{27867452-95A9-4C05-B1E7-6D9545FA9F9B}.Release|Any CPU.Deploy.0 = Release|iPhoneSimulator
		{27867452-95A9-4C05-B1E7-6D9545FA9F9B}.Release|iPhone.ActiveCfg = Release|iPhone
		{27867452-95A9-4C05-B1E7-6D9545FA9F9B}.Release|iPhone.Build.0 = Release|iPhone
		{27867452-95A9-4C05-B1E7-6D9545FA9F9B}.Release|iPhone.Deploy.0 = Release|iPhone
		{27867452-95A9-4C05-B1E7-6D9545FA9F9B}.Release|iPhoneSimulator.ActiveCfg = Release|iPhoneSimulator
		{27867452-95A9-4C05-B1E7-6D9545FA9F9B}.Release|iPhoneSimulator.Build.0 = Release|iPhoneSimulator
		{27867452-95A9-4C05-B1E7-6D9545FA9F9B}.Release|iPhoneSimulator.Deploy.0 = Release|iPhoneSimulator
		{C3CC15D0-D556-4ECE-B8A2-57217BBD446C}.Debug|Any CPU.ActiveCfg = Debug|Any CPU
		{C3CC15D0-D556-4ECE-B8A2-57217BBD446C}.Debug|Any CPU.Build.0 = Debug|Any CPU
		{C3CC15D0-D556-4ECE-B8A2-57217BBD446C}.Debug|Any CPU.Deploy.0 = Debug|Any CPU
		{C3CC15D0-D556-4ECE-B8A2-57217BBD446C}.Debug|iPhone.ActiveCfg = Debug|Any CPU
		{C3CC15D0-D556-4ECE-B8A2-57217BBD446C}.Debug|iPhone.Build.0 = Debug|Any CPU
		{C3CC15D0-D556-4ECE-B8A2-57217BBD446C}.Debug|iPhone.Deploy.0 = Debug|Any CPU
		{C3CC15D0-D556-4ECE-B8A2-57217BBD446C}.Debug|iPhoneSimulator.ActiveCfg = Debug|Any CPU
		{C3CC15D0-D556-4ECE-B8A2-57217BBD446C}.Debug|iPhoneSimulator.Build.0 = Debug|Any CPU
		{C3CC15D0-D556-4ECE-B8A2-57217BBD446C}.Debug|iPhoneSimulator.Deploy.0 = Debug|Any CPU
		{C3CC15D0-D556-4ECE-B8A2-57217BBD446C}.Release|Any CPU.ActiveCfg = Release|Any CPU
		{C3CC15D0-D556-4ECE-B8A2-57217BBD446C}.Release|Any CPU.Build.0 = Release|Any CPU
		{C3CC15D0-D556-4ECE-B8A2-57217BBD446C}.Release|Any CPU.Deploy.0 = Release|Any CPU
		{C3CC15D0-D556-4ECE-B8A2-57217BBD446C}.Release|iPhone.ActiveCfg = Release|Any CPU
		{C3CC15D0-D556-4ECE-B8A2-57217BBD446C}.Release|iPhone.Build.0 = Release|Any CPU
		{C3CC15D0-D556-4ECE-B8A2-57217BBD446C}.Release|iPhone.Deploy.0 = Release|Any CPU
		{C3CC15D0-D556-4ECE-B8A2-57217BBD446C}.Release|iPhoneSimulator.ActiveCfg = Release|Any CPU
		{C3CC15D0-D556-4ECE-B8A2-57217BBD446C}.Release|iPhoneSimulator.Build.0 = Release|Any CPU
		{C3CC15D0-D556-4ECE-B8A2-57217BBD446C}.Release|iPhoneSimulator.Deploy.0 = Release|Any CPU
	EndGlobalSection
	GlobalSection(SolutionProperties) = preSolution
		HideSolutionNode = FALSE
	EndGlobalSection
	GlobalSection(ExtensibilityGlobals) = postSolution
		SolutionGuid = {BED4C846-1DFB-4A84-AC7C-DE5EF37696C2}
	EndGlobalSection
EndGlobal
